
Microsoft Visual Studio Solution File, Format Version 12.00
# Visual Studio 15
VisualStudioVersion = 15.0.28307.421
MinimumVisualStudioVersion = 10.0.40219.1
Project("{FAE04EC0-301F-11D3-BF4B-00C04F79EFBC}") = "Telesoftas", "Telesoftas\Telesoftas.csproj", "{0CBCE002-92F9-4011-B5D4-D48A0BAADBD0}"
EndProject
Project("{FAE04EC0-301F-11D3-BF4B-00C04F79EFBC}") = "Telesoftas.Wrapper", "Telesoftas.Wrapper\Telesoftas.Wrapper.csproj", "{57A09E9C-9950-467A-8204-D8104537EDBA}"
EndProject
Project("{FAE04EC0-301F-11D3-BF4B-00C04F79EFBC}") = "Telesoftas.UT", "Telesoftas.UT\Telesoftas.UT.csproj", "{DA1512F4-7ED6-4071-B8F5-B1BFAA2800E7}"
EndProject
Global
	GlobalSection(SolutionConfigurationPlatforms) = preSolution
		Debug|Any CPU = Debug|Any CPU
		Release|Any CPU = Release|Any CPU
	EndGlobalSection
	GlobalSection(ProjectConfigurationPlatforms) = postSolution
		{0CBCE002-92F9-4011-B5D4-D48A0BAADBD0}.Debug|Any CPU.ActiveCfg = Debug|Any CPU
		{0CBCE002-92F9-4011-B5D4-D48A0BAADBD0}.Debug|Any CPU.Build.0 = Debug|Any CPU
		{0CBCE002-92F9-4011-B5D4-D48A0BAADBD0}.Release|Any CPU.ActiveCfg = Release|Any CPU
		{0CBCE002-92F9-4011-B5D4-D48A0BAADBD0}.Release|Any CPU.Build.0 = Release|Any CPU
		{57A09E9C-9950-467A-8204-D8104537EDBA}.Debug|Any CPU.ActiveCfg = Debug|Any CPU
		{57A09E9C-9950-467A-8204-D8104537EDBA}.Debug|Any CPU.Build.0 = Debug|Any CPU
		{57A09E9C-9950-467A-8204-D8104537EDBA}.Release|Any CPU.ActiveCfg = Release|Any CPU
		{57A09E9C-9950-467A-8204-D8104537EDBA}.Release|Any CPU.Build.0 = Release|Any CPU
		{DA1512F4-7ED6-4071-B8F5-B1BFAA2800E7}.Debug|Any CPU.ActiveCfg = Debug|Any CPU
		{DA1512F4-7ED6-4071-B8F5-B1BFAA2800E7}.Debug|Any CPU.Build.0 = Debug|Any CPU
		{DA1512F4-7ED6-4071-B8F5-B1BFAA2800E7}.Release|Any CPU.ActiveCfg = Release|Any CPU
		{DA1512F4-7ED6-4071-B8F5-B1BFAA2800E7}.Release|Any CPU.Build.0 = Release|Any CPU
	EndGlobalSection
	GlobalSection(SolutionProperties) = preSolution
		HideSolutionNode = FALSE
	EndGlobalSection
	GlobalSection(ExtensibilityGlobals) = postSolution
		SolutionGuid = {8C03DFA6-1308-4AEA-9587-A4E12FDF9D36}
	EndGlobalSection
EndGlobal
